
Microsoft Visual Studio Solution File, Format Version 12.00
# Visual Studio for Mac
Project("{FAE04EC0-301F-11D3-BF4B-00C04F79EFBC}") = "Assembly-CSharp", "Assembly-CSharp.csproj", "{EDA8622F-B9B2-B45F-DF6A-B72947CDDEA0}"
EndProject
Project("{FAE04EC0-301F-11D3-BF4B-00C04F79EFBC}") = "Assembly-CSharp-Editor", "Assembly-CSharp-Editor.csproj", "{038B5B74-34CE-BD9D-5216-69EBFE59B53E}"
EndProject
Global
	GlobalSection(SolutionConfigurationPlatforms) = preSolution
		Debug|Any CPU = Debug|Any CPU
		Release|Any CPU = Release|Any CPU
	EndGlobalSection
	GlobalSection(ProjectConfigurationPlatforms) = postSolution
		{EDA8622F-B9B2-B45F-DF6A-B72947CDDEA0}.Debug|Any CPU.ActiveCfg = Debug|Any CPU
		{EDA8622F-B9B2-B45F-DF6A-B72947CDDEA0}.Debug|Any CPU.Build.0 = Debug|Any CPU
		{EDA8622F-B9B2-B45F-DF6A-B72947CDDEA0}.Release|Any CPU.ActiveCfg = Release|Any CPU
		{EDA8622F-B9B2-B45F-DF6A-B72947CDDEA0}.Release|Any CPU.Build.0 = Release|Any CPU
		{038B5B74-34CE-BD9D-5216-69EBFE59B53E}.Debug|Any CPU.ActiveCfg = Debug|Any CPU
		{038B5B74-34CE-BD9D-5216-69EBFE59B53E}.Debug|Any CPU.Build.0 = Debug|Any CPU
		{038B5B74-34CE-BD9D-5216-69EBFE59B53E}.Release|Any CPU.ActiveCfg = Release|Any CPU
		{038B5B74-34CE-BD9D-5216-69EBFE59B53E}.Release|Any CPU.Build.0 = Release|Any CPU
	EndGlobalSection
	GlobalSection(SolutionProperties) = preSolution
		HideSolutionNode = FALSE
	EndGlobalSection
EndGlobal
